
Microsoft Visual Studio Solution File, Format Version 12.00
# Visual Studio Version 17
VisualStudioVersion = 17.12.35506.116 d17.12
MinimumVisualStudioVersion = 10.0.40219.1
Project("{FAE04EC0-301F-11D3-BF4B-00C04F79EFBC}") = "Assignment2Group2", "Assignment2Group2\Assignment2Group2.csproj", "{FE3AD8F8-9507-4BDC-9D0B-C41819AFDF9F}"
EndProject
Project("{FAE04EC0-301F-11D3-BF4B-00C04F79EFBC}") = "Assignment2Group2UntTest", "Assignment2Group2UntTest\Assignment2Group2UntTest.csproj", "{2F2107D8-E016-4F5E-AC7F-E6D1A5A6E8D9}"
EndProject
Global
	GlobalSection(SolutionConfigurationPlatforms) = preSolution
		Debug|Any CPU = Debug|Any CPU
		Release|Any CPU = Release|Any CPU
	EndGlobalSection
	GlobalSection(ProjectConfigurationPlatforms) = postSolution
		{FE3AD8F8-9507-4BDC-9D0B-C41819AFDF9F}.Debug|Any CPU.ActiveCfg = Debug|Any CPU
		{FE3AD8F8-9507-4BDC-9D0B-C41819AFDF9F}.Debug|Any CPU.Build.0 = Debug|Any CPU
		{FE3AD8F8-9507-4BDC-9D0B-C41819AFDF9F}.Release|Any CPU.ActiveCfg = Release|Any CPU
		{FE3AD8F8-9507-4BDC-9D0B-C41819AFDF9F}.Release|Any CPU.Build.0 = Release|Any CPU
		{2F2107D8-E016-4F5E-AC7F-E6D1A5A6E8D9}.Debug|Any CPU.ActiveCfg = Debug|Any CPU
		{2F2107D8-E016-4F5E-AC7F-E6D1A5A6E8D9}.Debug|Any CPU.Build.0 = Debug|Any CPU
		{2F2107D8-E016-4F5E-AC7F-E6D1A5A6E8D9}.Release|Any CPU.ActiveCfg = Release|Any CPU
		{2F2107D8-E016-4F5E-AC7F-E6D1A5A6E8D9}.Release|Any CPU.Build.0 = Release|Any CPU
	EndGlobalSection
	GlobalSection(SolutionProperties) = preSolution
		HideSolutionNode = FALSE
	EndGlobalSection
EndGlobal
